
Microsoft Visual Studio Solution File, Format Version 12.00
# Visual Studio Version 17
VisualStudioVersion = 17.11.35312.102
MinimumVisualStudioVersion = 10.0.40219.1
Project("{FAE04EC0-301F-11D3-BF4B-00C04F79EFBC}") = "SimpleUserAPI", "SimpleUserAPI.csproj", "{3FB3A7A7-6FC1-48CB-B9A2-53EAEA3B0189}"
EndProject
Global
	GlobalSection(SolutionConfigurationPlatforms) = preSolution
		Debug|Any CPU = Debug|Any CPU
		Release|Any CPU = Release|Any CPU
	EndGlobalSection
	GlobalSection(ProjectConfigurationPlatforms) = postSolution
		{3FB3A7A7-6FC1-48CB-B9A2-53EAEA3B0189}.Debug|Any CPU.ActiveCfg = Debug|Any CPU
		{3FB3A7A7-6FC1-48CB-B9A2-53EAEA3B0189}.Debug|Any CPU.Build.0 = Debug|Any CPU
		{3FB3A7A7-6FC1-48CB-B9A2-53EAEA3B0189}.Release|Any CPU.ActiveCfg = Release|Any CPU
		{3FB3A7A7-6FC1-48CB-B9A2-53EAEA3B0189}.Release|Any CPU.Build.0 = Release|Any CPU
	EndGlobalSection
	GlobalSection(SolutionProperties) = preSolution
		HideSolutionNode = FALSE
	EndGlobalSection
	GlobalSection(ExtensibilityGlobals) = postSolution
		SolutionGuid = {F6E1B9C3-7798-43BB-A810-1B9CBB1AFB89}
	EndGlobalSection
EndGlobal
